github.com/go-chi/chi/v5 v5.2.0 h1:Aj1EtB0qR2Rdo2dG4O94RIU35w2lvQSj6BRA4+qwFL0=
github.com/go-chi/chi/v5 v5.2.0/go.mod h1:DslCQbL2OYiznFReuXYUmQ2hGd1aDpCnlMNITLSKoi8=
github.com/johannfh/go-utils v1.3.0 h1:l+EVuYj3ez6i/sEqlWpUAjOxWRrxJaDwWytPks6WhVM=
github.com/johannfh/go-utils v1.3.0/go.mod h1:cgdsfh21JifMlzUA2uUanlDzAoHvtvPbEgzKchUd+Is=
